// !$*UTF8*$!
{
	archiveVersion = 1;
	classes = {
	};
	objectVersion = 46;
	objects = {

/* Begin PBXBuildFile section */
		5A308CA2243C8ACF0035106E /* FriendListViewModelTests.swift in Sources */ = {isa = PBXBuildFile; fileRef = 5A308CA1243C8ACF0035106E /* FriendListViewModelTests.swift */; };
		5A308CA4243C8B3A0035106E /* MockFriendsListView.swift in Sources */ = {isa = PBXBuildFile; fileRef = 5A308CA3243C8B3A0035106E /* MockFriendsListView.swift */; };
		5A308CA6243C8B620035106E /* MockFiendsListModel.swift in Sources */ = {isa = PBXBuildFile; fileRef = 5A308CA5243C8B620035106E /* MockFiendsListModel.swift */; };
		5A308CAA243C94CD0035106E /* FriendListModelTests.swift in Sources */ = {isa = PBXBuildFile; fileRef = 5A308CA9243C94CD0035106E /* FriendListModelTests.swift */; };
		5A308CAC243C94F20035106E /* MockFriendListViewModel.swift in Sources */ = {isa = PBXBuildFile; fileRef = 5A308CAB243C94F20035106E /* MockFriendListViewModel.swift */; };
		5A308CAE243C95000035106E /* MockFriendListAPIRepo.swift in Sources */ = {isa = PBXBuildFile; fileRef = 5A308CAD243C95000035106E /* MockFriendListAPIRepo.swift */; };
		5A6F5781242A0E75009190FA /* gameList.json in Resources */ = {isa = PBXBuildFile; fileRef = 5A6F5777242A0E75009190FA /* gameList.json */; };
		5A6F5795242A0F8D009190FA /* MockGameView.swift in Sources */ = {isa = PBXBuildFile; fileRef = 5A6F5789242A0F8D009190FA /* MockGameView.swift */; };
		5A6F5796242A0F8D009190FA /* MockGameModel.swift in Sources */ = {isa = PBXBuildFile; fileRef = 5A6F578A242A0F8D009190FA /* MockGameModel.swift */; };
		5A6F5797242A0F8D009190FA /* GameDataViewModelTest.swift in Sources */ = {isa = PBXBuildFile; fileRef = 5A6F578B242A0F8D009190FA /* GameDataViewModelTest.swift */; };
		5A6F5798242A0F8D009190FA /* ServiceCallerTest.swift in Sources */ = {isa = PBXBuildFile; fileRef = 5A6F578D242A0F8D009190FA /* ServiceCallerTest.swift */; };
		5A6F5799242A0F8D009190FA /* XCTestCaseExtensions.swift in Sources */ = {isa = PBXBuildFile; fileRef = 5A6F578E242A0F8D009190FA /* XCTestCaseExtensions.swift */; };
		5A6F57B1242DD0EC009190FA /* GameClassTest.swift in Sources */ = {isa = PBXBuildFile; fileRef = 5A6F57B0242DD0EC009190FA /* GameClassTest.swift */; };
		5A6F57B4242DD4F4009190FA /* MockGameDetailsLoadedType.swift in Sources */ = {isa = PBXBuildFile; fileRef = 5A6F57B3242DD4F4009190FA /* MockGameDetailsLoadedType.swift */; };
		5A6F57B9242DD73E009190FA /* GameDetailsViewModelTests.swift in Sources */ = {isa = PBXBuildFile; fileRef = 5A6F57B8242DD73E009190FA /* GameDetailsViewModelTests.swift */; };
		5A6F57BF242DE526009190FA /* MockGameRepo.swift in Sources */ = {isa = PBXBuildFile; fileRef = 5A6F57BE242DE526009190FA /* MockGameRepo.swift */; };
		5A6F57C1242DF6B0009190FA /* MockGameViewModel.swift in Sources */ = {isa = PBXBuildFile; fileRef = 5A6F57C0242DF6B0009190FA /* MockGameViewModel.swift */; };
		5A6F57C3242DF747009190FA /* GameModelTests.swift in Sources */ = {isa = PBXBuildFile; fileRef = 5A6F57C2242DF747009190FA /* GameModelTests.swift */; };
		5ADD1632244DAE1100B72078 /* MockFriendImageAPIRepo.swift in Sources */ = {isa = PBXBuildFile; fileRef = 5ADD1631244DAE1100B72078 /* MockFriendImageAPIRepo.swift */; };
		5ADD1640244EC82800B72078 /* MockGameImageRepo.swift in Sources */ = {isa = PBXBuildFile; fileRef = 5ADD163F244EC82800B72078 /* MockGameImageRepo.swift */; };
		C66007637789FA68564A5ABE /* Pods_CommonFiles_Tests.framework in Frameworks */ = {isa = PBXBuildFile; fileRef = 5342E7D24DAB656040BB0F54 /* Pods_CommonFiles_Tests.framework */; };
/* End PBXBuildFile section */

/* Begin PBXFileReference section */
		3FD6E21E35BF257F32968D6E /* Pods-CommonFiles_Tests.debug.xcconfig */ = {isa = PBXFileReference; includeInIndex = 1; lastKnownFileType = text.xcconfig; name = "Pods-CommonFiles_Tests.debug.xcconfig"; path = "Target Support Files/Pods-CommonFiles_Tests/Pods-CommonFiles_Tests.debug.xcconfig"; sourceTree = "<group>"; };
		5342E7D24DAB656040BB0F54 /* Pods_CommonFiles_Tests.framework */ = {isa = PBXFileReference; explicitFileType = wrapper.framework; includeInIndex = 0; path = Pods_CommonFiles_Tests.framework; sourceTree = BUILT_PRODUCTS_DIR; };
		5A308CA1243C8ACF0035106E /* FriendListViewModelTests.swift */ = {isa = PBXFileReference; lastKnownFileType = sourcecode.swift; path = FriendListViewModelTests.swift; sourceTree = "<group>"; };
		5A308CA3243C8B3A0035106E /* MockFriendsListView.swift */ = {isa = PBXFileReference; lastKnownFileType = sourcecode.swift; path = MockFriendsListView.swift; sourceTree = "<group>"; };
		5A308CA5243C8B620035106E /* MockFiendsListModel.swift */ = {isa = PBXFileReference; lastKnownFileType = sourcecode.swift; path = MockFiendsListModel.swift; sourceTree = "<group>"; };
		5A308CA9243C94CD0035106E /* FriendListModelTests.swift */ = {isa = PBXFileReference; lastKnownFileType = sourcecode.swift; path = FriendListModelTests.swift; sourceTree = "<group>"; };
		5A308CAB243C94F20035106E /* MockFriendListViewModel.swift */ = {isa = PBXFileReference; lastKnownFileType = sourcecode.swift; path = MockFriendListViewModel.swift; sourceTree = "<group>"; };
		5A308CAD243C95000035106E /* MockFriendListAPIRepo.swift */ = {isa = PBXFileReference; lastKnownFileType = sourcecode.swift; path = MockFriendListAPIRepo.swift; sourceTree = "<group>"; };
		5A6F5777242A0E75009190FA /* gameList.json */ = {isa = PBXFileReference; fileEncoding = 4; lastKnownFileType = text.json; path = gameList.json; sourceTree = "<group>"; };
		5A6F577B242A0E75009190FA /* Info.plist */ = {isa = PBXFileReference; fileEncoding = 4; lastKnownFileType = text.plist.xml; path = Info.plist; sourceTree = "<group>"; };
		5A6F5789242A0F8D009190FA /* MockGameView.swift */ = {isa = PBXFileReference; fileEncoding = 4; lastKnownFileType = sourcecode.swift; path = MockGameView.swift; sourceTree = "<group>"; };
		5A6F578A242A0F8D009190FA /* MockGameModel.swift */ = {isa = PBXFileReference; fileEncoding = 4; lastKnownFileType = sourcecode.swift; path = MockGameModel.swift; sourceTree = "<group>"; };
		5A6F578B242A0F8D009190FA /* GameDataViewModelTest.swift */ = {isa = PBXFileReference; fileEncoding = 4; lastKnownFileType = sourcecode.swift; path = GameDataViewModelTest.swift; sourceTree = "<group>"; };
		5A6F578D242A0F8D009190FA /* ServiceCallerTest.swift */ = {isa = PBXFileReference; fileEncoding = 4; lastKnownFileType = sourcecode.swift; path = ServiceCallerTest.swift; sourceTree = "<group>"; };
		5A6F578E242A0F8D009190FA /* XCTestCaseExtensions.swift */ = {isa = PBXFileReference; fileEncoding = 4; lastKnownFileType = sourcecode.swift; path = XCTestCaseExtensions.swift; sourceTree = "<group>"; };
		5A6F57B0242DD0EC009190FA /* GameClassTest.swift */ = {isa = PBXFileReference; lastKnownFileType = sourcecode.swift; path = GameClassTest.swift; sourceTree = "<group>"; };
		5A6F57B3242DD4F4009190FA /* MockGameDetailsLoadedType.swift */ = {isa = PBXFileReference; lastKnownFileType = sourcecode.swift; path = MockGameDetailsLoadedType.swift; sourceTree = "<group>"; };
		5A6F57B5242DD625009190FA /* CommonFiles_Tests-Bridging-Header.h */ = {isa = PBXFileReference; lastKnownFileType = sourcecode.c.h; path = "CommonFiles_Tests-Bridging-Header.h"; sourceTree = "<group>"; };
		5A6F57B8242DD73E009190FA /* GameDetailsViewModelTests.swift */ = {isa = PBXFileReference; lastKnownFileType = sourcecode.swift; path = GameDetailsViewModelTests.swift; sourceTree = "<group>"; };
		5A6F57BE242DE526009190FA /* MockGameRepo.swift */ = {isa = PBXFileReference; lastKnownFileType = sourcecode.swift; path = MockGameRepo.swift; sourceTree = "<group>"; };
		5A6F57C0242DF6B0009190FA /* MockGameViewModel.swift */ = {isa = PBXFileReference; lastKnownFileType = sourcecode.swift; path = MockGameViewModel.swift; sourceTree = "<group>"; };
		5A6F57C2242DF747009190FA /* GameModelTests.swift */ = {isa = PBXFileReference; lastKnownFileType = sourcecode.swift; path = GameModelTests.swift; sourceTree = "<group>"; };
		5ADD1631244DAE1100B72078 /* MockFriendImageAPIRepo.swift */ = {isa = PBXFileReference; lastKnownFileType = sourcecode.swift; path = MockFriendImageAPIRepo.swift; sourceTree = "<group>"; };
		5ADD163F244EC82800B72078 /* MockGameImageRepo.swift */ = {isa = PBXFileReference; lastKnownFileType = sourcecode.swift; path = MockGameImageRepo.swift; sourceTree = "<group>"; };
		5C2E92175129C5B5293B9A88 /* Pods-CommonFiles_Tests.release.xcconfig */ = {isa = PBXFileReference; includeInIndex = 1; lastKnownFileType = text.xcconfig; name = "Pods-CommonFiles_Tests.release.xcconfig"; path = "Target Support Files/Pods-CommonFiles_Tests/Pods-CommonFiles_Tests.release.xcconfig"; sourceTree = "<group>"; };
		607FACE51AFB9204008FA782 /* CommonFiles_Tests.xctest */ = {isa = PBXFileReference; explicitFileType = wrapper.cfbundle; includeInIndex = 0; path = CommonFiles_Tests.xctest; sourceTree = BUILT_PRODUCTS_DIR; };
		85DBE1856765012FCCEC3CCB /* README.md */ = {isa = PBXFileReference; includeInIndex = 1; lastKnownFileType = net.daringfireball.markdown; name = README.md; path = ../README.md; sourceTree = "<group>"; };
		E5368AFFFC41403470C1EBF2 /* CommonFiles.podspec */ = {isa = PBXFileReference; includeInIndex = 1; lastKnownFileType = text; name = CommonFiles.podspec; path = ../CommonFiles.podspec; sourceTree = "<group>"; xcLanguageSpecificationIdentifier = xcode.lang.ruby; };
		F935E2502A6049AB0460EF43 /* LICENSE */ = {isa = PBXFileReference; includeInIndex = 1; lastKnownFileType = text; name = LICENSE; path = ../LICENSE; sourceTree = "<group>"; };
/* End PBXFileReference section */

/* Begin PBXFrameworksBuildPhase section */
		607FACE21AFB9204008FA782 /* Frameworks */ = {
			isa = PBXFrameworksBuildPhase;
			buildActionMask = 2147483647;
			files = (
				C66007637789FA68564A5ABE /* Pods_CommonFiles_Tests.framework in Frameworks */,
			);
			runOnlyForDeploymentPostprocessing = 0;
		};
/* End PBXFrameworksBuildPhase section */

/* Begin PBXGroup section */
		5A308C9E243C8A080035106E /* FriendTests */ = {
			isa = PBXGroup;
			children = (
				5A308C9F243C8A660035106E /* FriendListTests */,
			);
			path = FriendTests;
			sourceTree = "<group>";
		};
		5A308C9F243C8A660035106E /* FriendListTests */ = {
			isa = PBXGroup;
			children = (
				5A308CA8243C94940035106E /* Mocks */,
				5A308CA7243C94850035106E /* Model */,
				5A308CA0243C8A980035106E /* ViewModel */,
			);
			path = FriendListTests;
			sourceTree = "<group>";
		};
		5A308CA0243C8A980035106E /* ViewModel */ = {
			isa = PBXGroup;
			children = (
				5A308CA1243C8ACF0035106E /* FriendListViewModelTests.swift */,
			);
			path = ViewModel;
			sourceTree = "<group>";
		};
		5A308CA7243C94850035106E /* Model */ = {
			isa = PBXGroup;
			children = (
				5A308CA9243C94CD0035106E /* FriendListModelTests.swift */,
			);
			path = Model;
			sourceTree = "<group>";
		};
		5A308CA8243C94940035106E /* Mocks */ = {
			isa = PBXGroup;
			children = (
				5A308CA3243C8B3A0035106E /* MockFriendsListView.swift */,
				5A308CA5243C8B620035106E /* MockFiendsListModel.swift */,
				5A308CAB243C94F20035106E /* MockFriendListViewModel.swift */,
				5A308CAD243C95000035106E /* MockFriendListAPIRepo.swift */,
				5ADD1631244DAE1100B72078 /* MockFriendImageAPIRepo.swift */,
			);
			path = Mocks;
			sourceTree = "<group>";
		};
		5A6F5787242A0F8D009190FA /* GameViewTests */ = {
			isa = PBXGroup;
			children = (
				5A6F57B2242DD487009190FA /* GameDetailsTests */,
				5A6F5788242A0F8D009190FA /* GameListTests */,
			);
			path = GameViewTests;
			sourceTree = "<group>";
		};
		5A6F5788242A0F8D009190FA /* GameListTests */ = {
			isa = PBXGroup;
			children = (
				5A6F57BD242DE4F7009190FA /* Model */,
				5A6F57BC242DE4C6009190FA /* ViewModel */,
			);
			path = GameListTests;
			sourceTree = "<group>";
		};
		5A6F578C242A0F8D009190FA /* ServiceCallerTests */ = {
			isa = PBXGroup;
			children = (
				5A6F578D242A0F8D009190FA /* ServiceCallerTest.swift */,
			);
			path = ServiceCallerTests;
			sourceTree = "<group>";
		};
		5A6F57AF242DD0C5009190FA /* GameTests */ = {
			isa = PBXGroup;
			children = (
				5A6F57B0242DD0EC009190FA /* GameClassTest.swift */,
			);
			path = GameTests;
			sourceTree = "<group>";
		};
		5A6F57B2242DD487009190FA /* GameDetailsTests */ = {
			isa = PBXGroup;
			children = (
				5A6F57B3242DD4F4009190FA /* MockGameDetailsLoadedType.swift */,
				5A6F57B8242DD73E009190FA /* GameDetailsViewModelTests.swift */,
			);
			path = GameDetailsTests;
			sourceTree = "<group>";
		};
		5A6F57BC242DE4C6009190FA /* ViewModel */ = {
			isa = PBXGroup;
			children = (
				5A6F5789242A0F8D009190FA /* MockGameView.swift */,
				5A6F578A242A0F8D009190FA /* MockGameModel.swift */,
				5A6F578B242A0F8D009190FA /* GameDataViewModelTest.swift */,
			);
			path = ViewModel;
			sourceTree = "<group>";
		};
		5A6F57BD242DE4F7009190FA /* Model */ = {
			isa = PBXGroup;
			children = (
				5A6F57BE242DE526009190FA /* MockGameRepo.swift */,
				5A6F57C0242DF6B0009190FA /* MockGameViewModel.swift */,
				5A6F57C2242DF747009190FA /* GameModelTests.swift */,
				5ADD163F244EC82800B72078 /* MockGameImageRepo.swift */,
			);
			path = Model;
			sourceTree = "<group>";
		};
		607FACC71AFB9204008FA782 = {
			isa = PBXGroup;
			children = (
				607FACF51AFB993E008FA782 /* Podspec Metadata */,
				607FACE81AFB9204008FA782 /* Tests */,
				607FACD11AFB9204008FA782 /* Products */,
				77CCFB77929085DD79E6FCE1 /* Pods */,
				63AC414951CB38FFCACC8628 /* Frameworks */,
			);
			sourceTree = "<group>";
		};
		607FACD11AFB9204008FA782 /* Products */ = {
			isa = PBXGroup;
			children = (
				607FACE51AFB9204008FA782 /* CommonFiles_Tests.xctest */,
			);
			name = Products;
			sourceTree = "<group>";
		};
		607FACE81AFB9204008FA782 /* Tests */ = {
			isa = PBXGroup;
			children = (
				5A308C9E243C8A080035106E /* FriendTests */,
				5A6F57B5242DD625009190FA /* CommonFiles_Tests-Bridging-Header.h */,
				5A6F57AF242DD0C5009190FA /* GameTests */,
				5A6F5787242A0F8D009190FA /* GameViewTests */,
				5A6F578C242A0F8D009190FA /* ServiceCallerTests */,
				5A6F578E242A0F8D009190FA /* XCTestCaseExtensions.swift */,
				5A6F5777242A0E75009190FA /* gameList.json */,
				5A6F577B242A0E75009190FA /* Info.plist */,
			);
			path = Tests;
			sourceTree = "<group>";
		};
		607FACF51AFB993E008FA782 /* Podspec Metadata */ = {
			isa = PBXGroup;
			children = (
				E5368AFFFC41403470C1EBF2 /* CommonFiles.podspec */,
				85DBE1856765012FCCEC3CCB /* README.md */,
				F935E2502A6049AB0460EF43 /* LICENSE */,
			);
			name = "Podspec Metadata";
			sourceTree = "<group>";
		};
		63AC414951CB38FFCACC8628 /* Frameworks */ = {
			isa = PBXGroup;
			children = (
				5342E7D24DAB656040BB0F54 /* Pods_CommonFiles_Tests.framework */,
			);
			name = Frameworks;
			sourceTree = "<group>";
		};
		77CCFB77929085DD79E6FCE1 /* Pods */ = {
			isa = PBXGroup;
			children = (
				3FD6E21E35BF257F32968D6E /* Pods-CommonFiles_Tests.debug.xcconfig */,
				5C2E92175129C5B5293B9A88 /* Pods-CommonFiles_Tests.release.xcconfig */,
			);
			path = Pods;
			sourceTree = "<group>";
		};
/* End PBXGroup section */

/* Begin PBXNativeTarget section */
		607FACE41AFB9204008FA782 /* CommonFiles_Tests */ = {
			isa = PBXNativeTarget;
			buildConfigurationList = 607FACF21AFB9204008FA782 /* Build configuration list for PBXNativeTarget "CommonFiles_Tests" */;
			buildPhases = (
				1793102CE408DCA782E5B631 /* [CP] Check Pods Manifest.lock */,
				607FACE11AFB9204008FA782 /* Sources */,
				607FACE21AFB9204008FA782 /* Frameworks */,
				607FACE31AFB9204008FA782 /* Resources */,
				D80E0900DB71B8F56D2FB88E /* [CP] Embed Pods Frameworks */,
			);
			buildRules = (
			);
			dependencies = (
			);
			name = CommonFiles_Tests;
			productName = Tests;
			productReference = 607FACE51AFB9204008FA782 /* CommonFiles_Tests.xctest */;
			productType = "com.apple.product-type.bundle.unit-test";
		};
/* End PBXNativeTarget section */

/* Begin PBXProject section */
		607FACC81AFB9204008FA782 /* Project object */ = {
			isa = PBXProject;
			attributes = {
				LastSwiftUpdateCheck = 0830;
				LastUpgradeCheck = 1130;
				ORGANIZATIONNAME = CocoaPods;
				TargetAttributes = {
					607FACE41AFB9204008FA782 = {
						CreatedOnToolsVersion = 6.3.1;
						LastSwiftMigration = 1130;
					};
				};
			};
			buildConfigurationList = 607FACCB1AFB9204008FA782 /* Build configuration list for PBXProject "CommonFiles" */;
			compatibilityVersion = "Xcode 3.2";
			developmentRegion = English;
			hasScannedForEncodings = 0;
			knownRegions = (
				English,
				en,
				Base,
			);
			mainGroup = 607FACC71AFB9204008FA782;
			productRefGroup = 607FACD11AFB9204008FA782 /* Products */;
			projectDirPath = "";
			projectRoot = "";
			targets = (
				607FACE41AFB9204008FA782 /* CommonFiles_Tests */,
			);
		};
/* End PBXProject section */

/* Begin PBXResourcesBuildPhase section */
		607FACE31AFB9204008FA782 /* Resources */ = {
			isa = PBXResourcesBuildPhase;
			buildActionMask = 2147483647;
			files = (
				5A6F5781242A0E75009190FA /* gameList.json in Resources */,
			);
			runOnlyForDeploymentPostprocessing = 0;
		};
/* End PBXResourcesBuildPhase section */

/* Begin PBXShellScriptBuildPhase section */
		1793102CE408DCA782E5B631 /* [CP] Check Pods Manifest.lock */ = {
			isa = PBXShellScriptBuildPhase;
			buildActionMask = 2147483647;
			files = (
			);
			inputFileListPaths = (
			);
			inputPaths = (
				"${PODS_PODFILE_DIR_PATH}/Podfile.lock",
				"${PODS_ROOT}/Manifest.lock",
			);
			name = "[CP] Check Pods Manifest.lock";
			outputFileListPaths = (
			);
			outputPaths = (
				"$(DERIVED_FILE_DIR)/Pods-CommonFiles_Tests-checkManifestLockResult.txt",
			);
			runOnlyForDeploymentPostprocessing = 0;
			shellPath = /bin/sh;
			shellScript = "diff \"${PODS_PODFILE_DIR_PATH}/Podfile.lock\" \"${PODS_ROOT}/Manifest.lock\" > /dev/null\nif [ $? != 0 ] ; then\n    # print error to STDERR\n    echo \"error: The sandbox is not in sync with the Podfile.lock. Run 'pod install' or update your CocoaPods installation.\" >&2\n    exit 1\nfi\n# This output is used by Xcode 'outputs' to avoid re-running this script phase.\necho \"SUCCESS\" > \"${SCRIPT_OUTPUT_FILE_0}\"\n";
			showEnvVarsInLog = 0;
		};
		D80E0900DB71B8F56D2FB88E /* [CP] Embed Pods Frameworks */ = {
			isa = PBXShellScriptBuildPhase;
			buildActionMask = 2147483647;
			files = (
			);
			inputPaths = (
				"${PODS_ROOT}/Target Support Files/Pods-CommonFiles_Tests/Pods-CommonFiles_Tests-frameworks.sh",
				"${BUILT_PRODUCTS_DIR}/GoogleUtilities/GoogleUtilities.framework",
				"${BUILT_PRODUCTS_DIR}/OHHTTPStubs/OHHTTPStubs.framework",
				"${BUILT_PRODUCTS_DIR}/PromisesObjC/FBLPromises.framework",
				"${BUILT_PRODUCTS_DIR}/nanopb/nanopb.framework",
			);
			name = "[CP] Embed Pods Frameworks";
			outputPaths = (
				"${TARGET_BUILD_DIR}/${FRAMEWORKS_FOLDER_PATH}/GoogleUtilities.framework",
				"${TARGET_BUILD_DIR}/${FRAMEWORKS_FOLDER_PATH}/OHHTTPStubs.framework",
				"${TARGET_BUILD_DIR}/${FRAMEWORKS_FOLDER_PATH}/FBLPromises.framework",
				"${TARGET_BUILD_DIR}/${FRAMEWORKS_FOLDER_PATH}/nanopb.framework",
			);
			runOnlyForDeploymentPostprocessing = 0;
			shellPath = /bin/sh;
			shellScript = "\"${PODS_ROOT}/Target Support Files/Pods-CommonFiles_Tests/Pods-CommonFiles_Tests-frameworks.sh\"\n";
			showEnvVarsInLog = 0;
		};
/* End PBXShellScriptBuildPhase section */

/* Begin PBXSourcesBuildPhase section */
		607FACE11AFB9204008FA782 /* Sources */ = {
			isa = PBXSourcesBuildPhase;
			buildActionMask = 2147483647;
			files = (
				5A308CAE243C95000035106E /* MockFriendListAPIRepo.swift in Sources */,
				5A308CA4243C8B3A0035106E /* MockFriendsListView.swift in Sources */,
				5A6F5799242A0F8D009190FA /* XCTestCaseExtensions.swift in Sources */,
				5A308CAC243C94F20035106E /* MockFriendListViewModel.swift in Sources */,
				5A6F5795242A0F8D009190FA /* MockGameView.swift in Sources */,
				5A6F5796242A0F8D009190FA /* MockGameModel.swift in Sources */,
				5A308CA6243C8B620035106E /* MockFiendsListModel.swift in Sources */,
				5A308CA2243C8ACF0035106E /* FriendListViewModelTests.swift in Sources */,
				5A6F57B4242DD4F4009190FA /* MockGameDetailsLoadedType.swift in Sources */,
				5A6F5798242A0F8D009190FA /* ServiceCallerTest.swift in Sources */,
				5ADD1632244DAE1100B72078 /* MockFriendImageAPIRepo.swift in Sources */,
				5A6F57C3242DF747009190FA /* GameModelTests.swift in Sources */,
				5A6F57B9242DD73E009190FA /* GameDetailsViewModelTests.swift in Sources */,
				5A6F5797242A0F8D009190FA /* GameDataViewModelTest.swift in Sources */,
				5A308CAA243C94CD0035106E /* FriendListModelTests.swift in Sources */,
				5A6F57B1242DD0EC009190FA /* GameClassTest.swift in Sources */,
				5A6F57C1242DF6B0009190FA /* MockGameViewModel.swift in Sources */,
				5A6F57BF242DE526009190FA /* MockGameRepo.swift in Sources */,
				5ADD1640244EC82800B72078 /* MockGameImageRepo.swift in Sources */,
			);
			runOnlyForDeploymentPostprocessing = 0;
		};
/* End PBXSourcesBuildPhase section */

/* Begin XCBuildConfiguration section */
		607FACED1AFB9204008FA782 /* Debug */ = {
			isa = XCBuildConfiguration;
			buildSettings = {
				ALWAYS_SEARCH_USER_PATHS = NO;
				CLANG_ANALYZER_LOCALIZABILITY_NONLOCALIZED = YES;
				CLANG_CXX_LANGUAGE_STANDARD = "gnu++0x";
				CLANG_CXX_LIBRARY = "libc++";
				CLANG_ENABLE_MODULES = YES;
				CLANG_ENABLE_OBJC_ARC = YES;
				CLANG_WARN_BLOCK_CAPTURE_AUTORELEASING = YES;
				CLANG_WARN_BOOL_CONVERSION = YES;
				CLANG_WARN_COMMA = YES;
				CLANG_WARN_CONSTANT_CONVERSION = YES;
				CLANG_WARN_DEPRECATED_OBJC_IMPLEMENTATIONS = YES;
				CLANG_WARN_DIRECT_OBJC_ISA_USAGE = YES_ERROR;
				CLANG_WARN_EMPTY_BODY = YES;
				CLANG_WARN_ENUM_CONVERSION = YES;
				CLANG_WARN_INFINITE_RECURSION = YES;
				CLANG_WARN_INT_CONVERSION = YES;
				CLANG_WARN_NON_LITERAL_NULL_CONVERSION = YES;
				CLANG_WARN_OBJC_IMPLICIT_RETAIN_SELF = YES;
				CLANG_WARN_OBJC_LITERAL_CONVERSION = YES;
				CLANG_WARN_OBJC_ROOT_CLASS = YES_ERROR;
				CLANG_WARN_RANGE_LOOP_ANALYSIS = YES;
				CLANG_WARN_STRICT_PROTOTYPES = YES;
				CLANG_WARN_SUSPICIOUS_MOVE = YES;
				CLANG_WARN_UNREACHABLE_CODE = YES;
				CLANG_WARN__DUPLICATE_METHOD_MATCH = YES;
				"CODE_SIGN_IDENTITY[sdk=iphoneos*]" = "iPhone Developer";
				COPY_PHASE_STRIP = NO;
				DEBUG_INFORMATION_FORMAT = "dwarf-with-dsym";
				ENABLE_STRICT_OBJC_MSGSEND = YES;
				ENABLE_TESTABILITY = YES;
				GCC_C_LANGUAGE_STANDARD = gnu99;
				GCC_DYNAMIC_NO_PIC = NO;
				GCC_NO_COMMON_BLOCKS = YES;
				GCC_OPTIMIZATION_LEVEL = 0;
				GCC_PREPROCESSOR_DEFINITIONS = (
					"DEBUG=1",
					"$(inherited)",
				);
				GCC_SYMBOLS_PRIVATE_EXTERN = NO;
				GCC_WARN_64_TO_32_BIT_CONVERSION = YES;
				GCC_WARN_ABOUT_RETURN_TYPE = YES_ERROR;
				GCC_WARN_UNDECLARED_SELECTOR = YES;
				GCC_WARN_UNINITIALIZED_AUTOS = YES_AGGRESSIVE;
				GCC_WARN_UNUSED_FUNCTION = YES;
				GCC_WARN_UNUSED_VARIABLE = YES;
				IPHONEOS_DEPLOYMENT_TARGET = 13.2;
				MTL_ENABLE_DEBUG_INFO = YES;
				ONLY_ACTIVE_ARCH = YES;
				SDKROOT = iphoneos;
				SWIFT_OPTIMIZATION_LEVEL = "-Onone";
			};
			name = Debug;
		};
		607FACEE1AFB9204008FA782 /* Release */ = {
			isa = XCBuildConfiguration;
			buildSettings = {
				ALWAYS_SEARCH_USER_PATHS = NO;
				CLANG_ANALYZER_LOCALIZABILITY_NONLOCALIZED = YES;
				CLANG_CXX_LANGUAGE_STANDARD = "gnu++0x";
				CLANG_CXX_LIBRARY = "libc++";
				CLANG_ENABLE_MODULES = YES;
				CLANG_ENABLE_OBJC_ARC = YES;
				CLANG_WARN_BLOCK_CAPTURE_AUTORELEASING = YES;
				CLANG_WARN_BOOL_CONVERSION = YES;
				CLANG_WARN_COMMA = YES;
				CLANG_WARN_CONSTANT_CONVERSION = YES;
				CLANG_WARN_DEPRECATED_OBJC_IMPLEMENTATIONS = YES;
				CLANG_WARN_DIRECT_OBJC_ISA_USAGE = YES_ERROR;
				CLANG_WARN_EMPTY_BODY = YES;
				CLANG_WARN_ENUM_CONVERSION = YES;
				CLANG_WARN_INFINITE_RECURSION = YES;
				CLANG_WARN_INT_CONVERSION = YES;
				CLANG_WARN_NON_LITERAL_NULL_CONVERSION = YES;
				CLANG_WARN_OBJC_IMPLICIT_RETAIN_SELF = YES;
				CLANG_WARN_OBJC_LITERAL_CONVERSION = YES;
				CLANG_WARN_OBJC_ROOT_CLASS = YES_ERROR;
				CLANG_WARN_RANGE_LOOP_ANALYSIS = YES;
				CLANG_WARN_STRICT_PROTOTYPES = YES;
				CLANG_WARN_SUSPICIOUS_MOVE = YES;
				CLANG_WARN_UNREACHABLE_CODE = YES;
				CLANG_WARN__DUPLICATE_METHOD_MATCH = YES;
				"CODE_SIGN_IDENTITY[sdk=iphoneos*]" = "iPhone Developer";
				COPY_PHASE_STRIP = NO;
				DEBUG_INFORMATION_FORMAT = "dwarf-with-dsym";
				ENABLE_NS_ASSERTIONS = NO;
				ENABLE_STRICT_OBJC_MSGSEND = YES;
				GCC_C_LANGUAGE_STANDARD = gnu99;
				GCC_NO_COMMON_BLOCKS = YES;
				GCC_WARN_64_TO_32_BIT_CONVERSION = YES;
				GCC_WARN_ABOUT_RETURN_TYPE = YES_ERROR;
				GCC_WARN_UNDECLARED_SELECTOR = YES;
				GCC_WARN_UNINITIALIZED_AUTOS = YES_AGGRESSIVE;
				GCC_WARN_UNUSED_FUNCTION = YES;
				GCC_WARN_UNUSED_VARIABLE = YES;
				IPHONEOS_DEPLOYMENT_TARGET = 13.2;
				MTL_ENABLE_DEBUG_INFO = NO;
				SDKROOT = iphoneos;
				SWIFT_OPTIMIZATION_LEVEL = "-Owholemodule";
				VALIDATE_PRODUCT = YES;
			};
			name = Release;
		};
		607FACF31AFB9204008FA782 /* Debug */ = {
			isa = XCBuildConfiguration;
			baseConfigurationReference = 3FD6E21E35BF257F32968D6E /* Pods-CommonFiles_Tests.debug.xcconfig */;
			buildSettings = {
				CLANG_ENABLE_MODULES = YES;
				FRAMEWORK_SEARCH_PATHS = (
					"$(PLATFORM_DIR)/Developer/Library/Frameworks",
					"$(inherited)",
				);
				GCC_PREPROCESSOR_DEFINITIONS = (
					"DEBUG=1",
					"$(inherited)",
				);
				INFOPLIST_FILE = Tests/Info.plist;
				LD_RUNPATH_SEARCH_PATHS = "$(inherited) @executable_path/Frameworks @loader_path/Frameworks";
				PRODUCT_BUNDLE_IDENTIFIER = "org.cocoapods.$(PRODUCT_NAME:rfc1034identifier)";
				PRODUCT_NAME = "$(TARGET_NAME)";
				SWIFT_OBJC_BRIDGING_HEADER = "Tests/CommonFiles_Tests-Bridging-Header.h";
				SWIFT_OPTIMIZATION_LEVEL = "-Onone";
				SWIFT_SWIFT3_OBJC_INFERENCE = Default;
				SWIFT_VERSION = 4.0;
			};
			name = Debug;
		};
		607FACF41AFB9204008FA782 /* Release */ = {
			isa = XCBuildConfiguration;
			baseConfigurationReference = 5C2E92175129C5B5293B9A88 /* Pods-CommonFiles_Tests.release.xcconfig */;
			buildSettings = {
				CLANG_ENABLE_MODULES = YES;
				FRAMEWORK_SEARCH_PATHS = (
					"$(PLATFORM_DIR)/Developer/Library/Frameworks",
					"$(inherited)",
				);
				INFOPLIST_FILE = Tests/Info.plist;
				LD_RUNPATH_SEARCH_PATHS = "$(inherited) @executable_path/Frameworks @loader_path/Frameworks";
				PRODUCT_BUNDLE_IDENTIFIER = "org.cocoapods.$(PRODUCT_NAME:rfc1034identifier)";
				PRODUCT_NAME = "$(TARGET_NAME)";
				SWIFT_OBJC_BRIDGING_HEADER = "Tests/CommonFiles_Tests-Bridging-Header.h";
				SWIFT_SWIFT3_OBJC_INFERENCE = Default;
				SWIFT_VERSION = 4.0;
			};
			name = Release;
		};
/* End XCBuildConfiguration section */

/* Begin XCConfigurationList section */
		607FACCB1AFB9204008FA782 /* Build configuration list for PBXProject "CommonFiles" */ = {
			isa = XCConfigurationList;
			buildConfigurations = (
				607FACED1AFB9204008FA782 /* Debug */,
				607FACEE1AFB9204008FA782 /* Release */,
			);
			defaultConfigurationIsVisible = 0;
			defaultConfigurationName = Release;
		};
		607FACF21AFB9204008FA782 /* Build configuration list for PBXNativeTarget "CommonFiles_Tests" */ = {
			isa = XCConfigurationList;
			buildConfigurations = (
				607FACF31AFB9204008FA782 /* Debug */,
				607FACF41AFB9204008FA782 /* Release */,
			);
			defaultConfigurationIsVisible = 0;
			defaultConfigurationName = Release;
		};
/* End XCConfigurationList section */
	};
	rootObject = 607FACC81AFB9204008FA782 /* Project object */;
}
